{
  "name": "unify",
  "version": "1.0.0",
  "lockfileVersion": 3,
  "requires": true,
  "packages": {
    "": {
      "name": "unify",
      "version": "1.0.0",
      "license": "ISC",
      "devDependencies": {
        "@hareesh108/unify-js": "^0.1.4"
      }
    },
    "node_modules/@hareesh108/unify-js": {
      "version": "0.1.4",
      "resolved": "https://registry.npmjs.org/@hareesh108/unify-js/-/unify-js-0.1.4.tgz",
      "integrity": "sha512-KI20Sv/yY+qmQN2W4bQlSKeiq7qrN4turaC9Vq8zo4Q8MOnzSFRQbL9NquhBGvlxVDYJjX1QNk1TgepzGTes3A==",
      "dev": true,
      "license": "MIT",
      "bin": {
        "unify-js": "src/cli.js"
      }
    }
  }
}
